
Microsoft Visual Studio Solution File, Format Version 12.00
# Visual Studio Version 17
VisualStudioVersion = 17.13.35828.75 d17.13
MinimumVisualStudioVersion = 10.0.40219.1
Project("{FAE04EC0-301F-11D3-BF4B-00C04F79EFBC}") = "dsa-solutions", "dsa-solutions.csproj", "{0ABB52B2-8ED4-49BA-8AC5-97883CCE1920}"
EndProject
Global
	GlobalSection(SolutionConfigurationPlatforms) = preSolution
		Debug|Any CPU = Debug|Any CPU
		Release|Any CPU = Release|Any CPU
	EndGlobalSection
	GlobalSection(ProjectConfigurationPlatforms) = postSolution
		{0ABB52B2-8ED4-49BA-8AC5-97883CCE1920}.Debug|Any CPU.ActiveCfg = Debug|Any CPU
		{0ABB52B2-8ED4-49BA-8AC5-97883CCE1920}.Debug|Any CPU.Build.0 = Debug|Any CPU
		{0ABB52B2-8ED4-49BA-8AC5-97883CCE1920}.Release|Any CPU.ActiveCfg = Release|Any CPU
		{0ABB52B2-8ED4-49BA-8AC5-97883CCE1920}.Release|Any CPU.Build.0 = Release|Any CPU
	EndGlobalSection
	GlobalSection(SolutionProperties) = preSolution
		HideSolutionNode = FALSE
	EndGlobalSection
	GlobalSection(ExtensibilityGlobals) = postSolution
		SolutionGuid = {D1BE46CB-4352-4CB5-91A0-21FFC7098465}
	EndGlobalSection
EndGlobal
